
Microsoft Visual Studio Solution File, Format Version 12.00
# Visual Studio Version 16
VisualStudioVersion = 16.0.28714.193
MinimumVisualStudioVersion = 10.0.40219.1
Project("{FAE04EC0-301F-11D3-BF4B-00C04F79EFBC}") = "IdentityServer4.Admin.Api", "IdentityServer4.Admin.Api\IdentityServer4.Admin.Api.csproj", "{CD4FAC6C-1A90-4AA9-97D3-997CEB6F3D68}"
EndProject
Project("{FAE04EC0-301F-11D3-BF4B-00C04F79EFBC}") = "IdentityServer4.Admin.Logic", "IdentityServer4.Admin.Logic\IdentityServer4.Admin.Logic.csproj", "{C3ED38D5-68F7-410D-BC63-09024D076D53}"
EndProject
Global
	GlobalSection(SolutionConfigurationPlatforms) = preSolution
		Debug|Any CPU = Debug|Any CPU
		Release|Any CPU = Release|Any CPU
	EndGlobalSection
	GlobalSection(ProjectConfigurationPlatforms) = postSolution
		{CD4FAC6C-1A90-4AA9-97D3-997CEB6F3D68}.Debug|Any CPU.ActiveCfg = Debug|Any CPU
		{CD4FAC6C-1A90-4AA9-97D3-997CEB6F3D68}.Debug|Any CPU.Build.0 = Debug|Any CPU
		{CD4FAC6C-1A90-4AA9-97D3-997CEB6F3D68}.Release|Any CPU.ActiveCfg = Release|Any CPU
		{CD4FAC6C-1A90-4AA9-97D3-997CEB6F3D68}.Release|Any CPU.Build.0 = Release|Any CPU
		{C3ED38D5-68F7-410D-BC63-09024D076D53}.Debug|Any CPU.ActiveCfg = Debug|Any CPU
		{C3ED38D5-68F7-410D-BC63-09024D076D53}.Debug|Any CPU.Build.0 = Debug|Any CPU
		{C3ED38D5-68F7-410D-BC63-09024D076D53}.Release|Any CPU.ActiveCfg = Release|Any CPU
		{C3ED38D5-68F7-410D-BC63-09024D076D53}.Release|Any CPU.Build.0 = Release|Any CPU
	EndGlobalSection
	GlobalSection(SolutionProperties) = preSolution
		HideSolutionNode = FALSE
	EndGlobalSection
	GlobalSection(ExtensibilityGlobals) = postSolution
		SolutionGuid = {3ACCBA6C-035D-4E0A-A9D1-9428E2386424}
	EndGlobalSection
EndGlobal
