
Microsoft Visual Studio Solution File, Format Version 12.00
# Visual Studio 15
VisualStudioVersion = 15.0.28307.539
MinimumVisualStudioVersion = 10.0.40219.1
Project("{9A19103F-16F7-4668-BE54-9A1E7A4F7556}") = "IdentityServer4.Admin.Api", "IdentityServer4.Admin.Api\IdentityServer4.Admin.Api.csproj", "{CD4FAC6C-1A90-4AA9-97D3-997CEB6F3D68}"
EndProject
Project("{9A19103F-16F7-4668-BE54-9A1E7A4F7556}") = "IdentityServer4.Admin.Logic", "IdentityServer4.Admin.Logic\IdentityServer4.Admin.Logic.csproj", "{C3ED38D5-68F7-410D-BC63-09024D076D53}"
EndProject
Project("{FAE04EC0-301F-11D3-BF4B-00C04F79EFBC}") = "NewLife.IdentityServer4", "NewLife.IdentityServer4\NewLife.IdentityServer4.csproj", "{114F54DA-2C2C-4C57-9798-1F49C9A93F1D}"
EndProject
Project("{9A19103F-16F7-4668-BE54-9A1E7A4F7556}") = "IdentityServer4.XCode", "IdentityServer4.XCode\IdentityServer4.XCode.csproj", "{992DC31F-0F91-44C4-A15D-8369191423A4}"
EndProject
Global
	GlobalSection(SolutionConfigurationPlatforms) = preSolution
		Debug|Any CPU = Debug|Any CPU
		Release|Any CPU = Release|Any CPU
	EndGlobalSection
	GlobalSection(ProjectConfigurationPlatforms) = postSolution
		{CD4FAC6C-1A90-4AA9-97D3-997CEB6F3D68}.Debug|Any CPU.ActiveCfg = Debug|Any CPU
		{CD4FAC6C-1A90-4AA9-97D3-997CEB6F3D68}.Debug|Any CPU.Build.0 = Debug|Any CPU
		{CD4FAC6C-1A90-4AA9-97D3-997CEB6F3D68}.Release|Any CPU.ActiveCfg = Release|Any CPU
		{CD4FAC6C-1A90-4AA9-97D3-997CEB6F3D68}.Release|Any CPU.Build.0 = Release|Any CPU
		{C3ED38D5-68F7-410D-BC63-09024D076D53}.Debug|Any CPU.ActiveCfg = Debug|Any CPU
		{C3ED38D5-68F7-410D-BC63-09024D076D53}.Debug|Any CPU.Build.0 = Debug|Any CPU
		{C3ED38D5-68F7-410D-BC63-09024D076D53}.Release|Any CPU.ActiveCfg = Release|Any CPU
		{C3ED38D5-68F7-410D-BC63-09024D076D53}.Release|Any CPU.Build.0 = Release|Any CPU
		{114F54DA-2C2C-4C57-9798-1F49C9A93F1D}.Debug|Any CPU.ActiveCfg = Debug|Any CPU
		{114F54DA-2C2C-4C57-9798-1F49C9A93F1D}.Debug|Any CPU.Build.0 = Debug|Any CPU
		{114F54DA-2C2C-4C57-9798-1F49C9A93F1D}.Release|Any CPU.ActiveCfg = Release|Any CPU
		{114F54DA-2C2C-4C57-9798-1F49C9A93F1D}.Release|Any CPU.Build.0 = Release|Any CPU
		{992DC31F-0F91-44C4-A15D-8369191423A4}.Debug|Any CPU.ActiveCfg = Debug|Any CPU
		{992DC31F-0F91-44C4-A15D-8369191423A4}.Debug|Any CPU.Build.0 = Debug|Any CPU
		{992DC31F-0F91-44C4-A15D-8369191423A4}.Release|Any CPU.ActiveCfg = Release|Any CPU
		{992DC31F-0F91-44C4-A15D-8369191423A4}.Release|Any CPU.Build.0 = Release|Any CPU
	EndGlobalSection
	GlobalSection(SolutionProperties) = preSolution
		HideSolutionNode = FALSE
	EndGlobalSection
	GlobalSection(ExtensibilityGlobals) = postSolution
		SolutionGuid = {3ACCBA6C-035D-4E0A-A9D1-9428E2386424}
	EndGlobalSection
EndGlobal
